
Microsoft Visual Studio Solution File, Format Version 12.00
# Visual Studio 15
VisualStudioVersion = 15.0.28307.572
MinimumVisualStudioVersion = 10.0.40219.1
Project("{FAE04EC0-301F-11D3-BF4B-00C04F79EFBC}") = "SimulacionDeColasPorFrecuencias", "WindowsFormsApp1\SimulacionDeColasPorFrecuencias.csproj", "{BBC2214E-1ABE-4FF4-B1EC-954E1E57280A}"
EndProject
Global
	GlobalSection(SolutionConfigurationPlatforms) = preSolution
		Debug|Any CPU = Debug|Any CPU
		Release|Any CPU = Release|Any CPU
	EndGlobalSection
	GlobalSection(ProjectConfigurationPlatforms) = postSolution
		{BBC2214E-1ABE-4FF4-B1EC-954E1E57280A}.Debug|Any CPU.ActiveCfg = Debug|Any CPU
		{BBC2214E-1ABE-4FF4-B1EC-954E1E57280A}.Debug|Any CPU.Build.0 = Debug|Any CPU
		{BBC2214E-1ABE-4FF4-B1EC-954E1E57280A}.Release|Any CPU.ActiveCfg = Release|Any CPU
		{BBC2214E-1ABE-4FF4-B1EC-954E1E57280A}.Release|Any CPU.Build.0 = Release|Any CPU
	EndGlobalSection
	GlobalSection(SolutionProperties) = preSolution
		HideSolutionNode = FALSE
	EndGlobalSection
	GlobalSection(ExtensibilityGlobals) = postSolution
		SolutionGuid = {4201C9E4-4BA9-43A3-A0F6-6B3107AA3F06}
	EndGlobalSection
EndGlobal
